// !$*UTF8*$!
{
	archiveVersion = 1;
	classes = {
	};
	objectVersion = 56;
	objects = {

/* Begin PBXBuildFile section */
		BD21CB012D48947E00AF1186 /* MyAccountCoordinator.swift in Sources */ = {isa = PBXBuildFile; fileRef = BD21CB002D48947E00AF1186 /* MyAccountCoordinator.swift */; };
		BD21CB032D48948900AF1186 /* MyAccountModel.swift in Sources */ = {isa = PBXBuildFile; fileRef = BD21CB022D48948900AF1186 /* MyAccountModel.swift */; };
		BD21CB052D48949600AF1186 /* MyAccountViewModel.swift in Sources */ = {isa = PBXBuildFile; fileRef = BD21CB042D48949600AF1186 /* MyAccountViewModel.swift */; };
		BD21CB072D4894A000AF1186 /* MyAccountView.swift in Sources */ = {isa = PBXBuildFile; fileRef = BD21CB062D4894A000AF1186 /* MyAccountView.swift */; };
		BD21CB092D489E5F00AF1186 /* HorizontalButton.swift in Sources */ = {isa = PBXBuildFile; fileRef = BD21CB082D489E5F00AF1186 /* HorizontalButton.swift */; };
		BD21CB0C2D48AA7900AF1186 /* AccountOptionsList.swift in Sources */ = {isa = PBXBuildFile; fileRef = BD21CB0B2D48AA7900AF1186 /* AccountOptionsList.swift */; };
		BDB6C9322D47497500397170 /* ThankYouView.swift in Sources */ = {isa = PBXBuildFile; fileRef = BDB6C9312D47497500397170 /* ThankYouView.swift */; };
		BDB6C9342D47498700397170 /* ThankYouViewModel.swift in Sources */ = {isa = PBXBuildFile; fileRef = BDB6C9332D47498700397170 /* ThankYouViewModel.swift */; };
		BDB6C9362D47499200397170 /* ThankYouModel.swift in Sources */ = {isa = PBXBuildFile; fileRef = BDB6C9352D47499200397170 /* ThankYouModel.swift */; };
		BDB6C9382D47499F00397170 /* ThankYouCoordinator.swift in Sources */ = {isa = PBXBuildFile; fileRef = BDB6C9372D47499F00397170 /* ThankYouCoordinator.swift */; };
		BDDC5CE12D48D8380086B32B /* CartCoordinator.swift in Sources */ = {isa = PBXBuildFile; fileRef = BDDC5CE02D48D8380086B32B /* CartCoordinator.swift */; };
		BDDC5CE32D48D8400086B32B /* CartModel.swift in Sources */ = {isa = PBXBuildFile; fileRef = BDDC5CE22D48D8400086B32B /* CartModel.swift */; };
		BDDC5CE52D48D84A0086B32B /* CartViewModel.swift in Sources */ = {isa = PBXBuildFile; fileRef = BDDC5CE42D48D84A0086B32B /* CartViewModel.swift */; };
		BDDC5CE72D48D8660086B32B /* CartView.swift in Sources */ = {isa = PBXBuildFile; fileRef = BDDC5CE62D48D8660086B32B /* CartView.swift */; };
		BDDC5CEA2D48DD2A0086B32B /* PaymentMethodListView.swift in Sources */ = {isa = PBXBuildFile; fileRef = BDDC5CE92D48DD2A0086B32B /* PaymentMethodListView.swift */; };
		BDDC5CEF2D48F8940086B32B /* OpenSans-Bold.ttf in Resources */ = {isa = PBXBuildFile; fileRef = BDDC5CED2D48F8940086B32B /* OpenSans-Bold.ttf */; };
		BDDC5CF02D48F8940086B32B /* OpenSans-SemiBold.ttf in Resources */ = {isa = PBXBuildFile; fileRef = BDDC5CEE2D48F8940086B32B /* OpenSans-SemiBold.ttf */; };
		BDDC5CF22D48FF0E0086B32B /* OrderSummaryView.swift in Sources */ = {isa = PBXBuildFile; fileRef = BDDC5CF12D48FF0E0086B32B /* OrderSummaryView.swift */; };
		BDECBBAC2D43CB7A006F7816 /* AppDelegate.swift in Sources */ = {isa = PBXBuildFile; fileRef = BDECBBAB2D43CB7A006F7816 /* AppDelegate.swift */; };
		BDECBBAE2D43CB7A006F7816 /* SceneDelegate.swift in Sources */ = {isa = PBXBuildFile; fileRef = BDECBBAD2D43CB7A006F7816 /* SceneDelegate.swift */; };
		BDECBBB02D43CB7A006F7816 /* ViewController.swift in Sources */ = {isa = PBXBuildFile; fileRef = BDECBBAF2D43CB7A006F7816 /* ViewController.swift */; };
		BDECBBB32D43CB7A006F7816 /* Base in Resources */ = {isa = PBXBuildFile; fileRef = BDECBBB22D43CB7A006F7816 /* Base */; };
		BDECBBB52D43CB7C006F7816 /* Assets.xcassets in Resources */ = {isa = PBXBuildFile; fileRef = BDECBBB42D43CB7C006F7816 /* Assets.xcassets */; };
		BDECBBB82D43CB7C006F7816 /* Base in Resources */ = {isa = PBXBuildFile; fileRef = BDECBBB72D43CB7C006F7816 /* Base */; };
		BDECBBC22D43CBD8006F7816 /* AppNavigationControllerProvider.swift in Sources */ = {isa = PBXBuildFile; fileRef = BDECBBC12D43CBD8006F7816 /* AppNavigationControllerProvider.swift */; };
		BDECBBE32D43CC13006F7816 /* ValidationManager.swift in Sources */ = {isa = PBXBuildFile; fileRef = BDECBBC32D43CC13006F7816 /* ValidationManager.swift */; };
		BDECBBE42D43CC13006F7816 /* AlertManager.swift in Sources */ = {isa = PBXBuildFile; fileRef = BDECBBC52D43CC13006F7816 /* AlertManager.swift */; };
		BDECBBE52D43CC13006F7816 /* CommonButton.swift in Sources */ = {isa = PBXBuildFile; fileRef = BDECBBC62D43CC13006F7816 /* CommonButton.swift */; };
		BDECBBE62D43CC13006F7816 /* CustomHeader.swift in Sources */ = {isa = PBXBuildFile; fileRef = BDECBBC72D43CC13006F7816 /* CustomHeader.swift */; };
		BDECBBE72D43CC13006F7816 /* DropdownPicker.swift in Sources */ = {isa = PBXBuildFile; fileRef = BDECBBC82D43CC13006F7816 /* DropdownPicker.swift */; };
		BDECBBE82D43CC13006F7816 /* FloatingTextField.swift in Sources */ = {isa = PBXBuildFile; fileRef = BDECBBC92D43CC13006F7816 /* FloatingTextField.swift */; };
		BDECBBE92D43CC13006F7816 /* TopTabView.swift in Sources */ = {isa = PBXBuildFile; fileRef = BDECBBCA2D43CC13006F7816 /* TopTabView.swift */; };
		BDECBBEA2D43CC13006F7816 /* AppConstant.swift in Sources */ = {isa = PBXBuildFile; fileRef = BDECBBCC2D43CC13006F7816 /* AppConstant.swift */; };
		BDECBBEB2D43CC13006F7816 /* FontConstant.swift in Sources */ = {isa = PBXBuildFile; fileRef = BDECBBCD2D43CC13006F7816 /* FontConstant.swift */; };
		BDECBBEC2D43CC13006F7816 /* ImageConstant.swift in Sources */ = {isa = PBXBuildFile; fileRef = BDECBBCE2D43CC13006F7816 /* ImageConstant.swift */; };
		BDECBBED2D43CC13006F7816 /* Color + Extensions.swift in Sources */ = {isa = PBXBuildFile; fileRef = BDECBBD02D43CC13006F7816 /* Color + Extensions.swift */; };
		BDECBBEE2D43CC13006F7816 /* Text + Extensions.swift in Sources */ = {isa = PBXBuildFile; fileRef = BDECBBD12D43CC13006F7816 /* Text + Extensions.swift */; };
		BDECBBEF2D43CC13006F7816 /* Text + Modifier.swift in Sources */ = {isa = PBXBuildFile; fileRef = BDECBBD32D43CC13006F7816 /* Text + Modifier.swift */; };
		BDECBBF02D43CC13006F7816 /* ContactUsCoordinator.swift in Sources */ = {isa = PBXBuildFile; fileRef = BDECBBD62D43CC13006F7816 /* ContactUsCoordinator.swift */; };
		BDECBBF12D43CC13006F7816 /* ContactUsModel.swift in Sources */ = {isa = PBXBuildFile; fileRef = BDECBBD82D43CC13006F7816 /* ContactUsModel.swift */; };
		BDECBBF22D43CC13006F7816 /* ContactInformationView.swift in Sources */ = {isa = PBXBuildFile; fileRef = BDECBBDA2D43CC13006F7816 /* ContactInformationView.swift */; };
		BDECBBF32D43CC13006F7816 /* GetInTouchView.swift in Sources */ = {isa = PBXBuildFile; fileRef = BDECBBDB2D43CC13006F7816 /* GetInTouchView.swift */; };
		BDECBBF42D43CC13006F7816 /* ContactUsView.swift in Sources */ = {isa = PBXBuildFile; fileRef = BDECBBDD2D43CC13006F7816 /* ContactUsView.swift */; };
		BDECBBF52D43CC13006F7816 /* ContactUsViewModel.swift in Sources */ = {isa = PBXBuildFile; fileRef = BDECBBDF2D43CC13006F7816 /* ContactUsViewModel.swift */; };
		BDECBBFC2D43CFF5006F7816 /* Almarai-Bold.ttf in Resources */ = {isa = PBXBuildFile; fileRef = BDECBBFA2D43CFEE006F7816 /* Almarai-Bold.ttf */; };
		BDECBBFD2D43CFF5006F7816 /* Almarai-ExtraBold.ttf in Resources */ = {isa = PBXBuildFile; fileRef = BDECBBF72D43CFEE006F7816 /* Almarai-ExtraBold.ttf */; };
		BDECBBFE2D43CFF5006F7816 /* Almarai-Light.ttf in Resources */ = {isa = PBXBuildFile; fileRef = BDECBBFB2D43CFEE006F7816 /* Almarai-Light.ttf */; };
		BDECBBFF2D43CFF5006F7816 /* Almarai-Regular.ttf in Resources */ = {isa = PBXBuildFile; fileRef = BDECBBF82D43CFEE006F7816 /* Almarai-Regular.ttf */; };
/* End PBXBuildFile section */

/* Begin PBXFileReference section */
		BD21CB002D48947E00AF1186 /* MyAccountCoordinator.swift */ = {isa = PBXFileReference; lastKnownFileType = sourcecode.swift; path = MyAccountCoordinator.swift; sourceTree = "<group>"; };
		BD21CB022D48948900AF1186 /* MyAccountModel.swift */ = {isa = PBXFileReference; lastKnownFileType = sourcecode.swift; path = MyAccountModel.swift; sourceTree = "<group>"; };
		BD21CB042D48949600AF1186 /* MyAccountViewModel.swift */ = {isa = PBXFileReference; lastKnownFileType = sourcecode.swift; path = MyAccountViewModel.swift; sourceTree = "<group>"; };
		BD21CB062D4894A000AF1186 /* MyAccountView.swift */ = {isa = PBXFileReference; lastKnownFileType = sourcecode.swift; path = MyAccountView.swift; sourceTree = "<group>"; };
		BD21CB082D489E5F00AF1186 /* HorizontalButton.swift */ = {isa = PBXFileReference; lastKnownFileType = sourcecode.swift; path = HorizontalButton.swift; sourceTree = "<group>"; };
		BD21CB0B2D48AA7900AF1186 /* AccountOptionsList.swift */ = {isa = PBXFileReference; lastKnownFileType = sourcecode.swift; path = AccountOptionsList.swift; sourceTree = "<group>"; };
		BDB6C9312D47497500397170 /* ThankYouView.swift */ = {isa = PBXFileReference; lastKnownFileType = sourcecode.swift; path = ThankYouView.swift; sourceTree = "<group>"; };
		BDB6C9332D47498700397170 /* ThankYouViewModel.swift */ = {isa = PBXFileReference; lastKnownFileType = sourcecode.swift; path = ThankYouViewModel.swift; sourceTree = "<group>"; };
		BDB6C9352D47499200397170 /* ThankYouModel.swift */ = {isa = PBXFileReference; lastKnownFileType = sourcecode.swift; path = ThankYouModel.swift; sourceTree = "<group>"; };
		BDB6C9372D47499F00397170 /* ThankYouCoordinator.swift */ = {isa = PBXFileReference; lastKnownFileType = sourcecode.swift; path = ThankYouCoordinator.swift; sourceTree = "<group>"; };
		BDDC5CE02D48D8380086B32B /* CartCoordinator.swift */ = {isa = PBXFileReference; lastKnownFileType = sourcecode.swift; path = CartCoordinator.swift; sourceTree = "<group>"; };
		BDDC5CE22D48D8400086B32B /* CartModel.swift */ = {isa = PBXFileReference; lastKnownFileType = sourcecode.swift; path = CartModel.swift; sourceTree = "<group>"; };
		BDDC5CE42D48D84A0086B32B /* CartViewModel.swift */ = {isa = PBXFileReference; lastKnownFileType = sourcecode.swift; path = CartViewModel.swift; sourceTree = "<group>"; };
		BDDC5CE62D48D8660086B32B /* CartView.swift */ = {isa = PBXFileReference; lastKnownFileType = sourcecode.swift; path = CartView.swift; sourceTree = "<group>"; };
		BDDC5CE92D48DD2A0086B32B /* PaymentMethodListView.swift */ = {isa = PBXFileReference; lastKnownFileType = sourcecode.swift; path = PaymentMethodListView.swift; sourceTree = "<group>"; };
		BDDC5CED2D48F8940086B32B /* OpenSans-Bold.ttf */ = {isa = PBXFileReference; lastKnownFileType = file; path = "OpenSans-Bold.ttf"; sourceTree = "<group>"; };
		BDDC5CEE2D48F8940086B32B /* OpenSans-SemiBold.ttf */ = {isa = PBXFileReference; lastKnownFileType = file; path = "OpenSans-SemiBold.ttf"; sourceTree = "<group>"; };
		BDDC5CF12D48FF0E0086B32B /* OrderSummaryView.swift */ = {isa = PBXFileReference; lastKnownFileType = sourcecode.swift; path = OrderSummaryView.swift; sourceTree = "<group>"; };
		BDECBBA82D43CB7A006F7816 /* UnitedPharmacy.app */ = {isa = PBXFileReference; explicitFileType = wrapper.application; includeInIndex = 0; path = UnitedPharmacy.app; sourceTree = BUILT_PRODUCTS_DIR; };
		BDECBBAB2D43CB7A006F7816 /* AppDelegate.swift */ = {isa = PBXFileReference; lastKnownFileType = sourcecode.swift; path = AppDelegate.swift; sourceTree = "<group>"; };
		BDECBBAD2D43CB7A006F7816 /* SceneDelegate.swift */ = {isa = PBXFileReference; lastKnownFileType = sourcecode.swift; path = SceneDelegate.swift; sourceTree = "<group>"; };
		BDECBBAF2D43CB7A006F7816 /* ViewController.swift */ = {isa = PBXFileReference; lastKnownFileType = sourcecode.swift; path = ViewController.swift; sourceTree = "<group>"; };
		BDECBBB22D43CB7A006F7816 /* Base */ = {isa = PBXFileReference; lastKnownFileType = file.storyboard; name = Base; path = Base.lproj/Main.storyboard; sourceTree = "<group>"; };
		BDECBBB42D43CB7C006F7816 /* Assets.xcassets */ = {isa = PBXFileReference; lastKnownFileType = folder.assetcatalog; path = Assets.xcassets; sourceTree = "<group>"; };
		BDECBBB72D43CB7C006F7816 /* Base */ = {isa = PBXFileReference; lastKnownFileType = file.storyboard; name = Base; path = Base.lproj/LaunchScreen.storyboard; sourceTree = "<group>"; };
		BDECBBB92D43CB7C006F7816 /* Info.plist */ = {isa = PBXFileReference; lastKnownFileType = text.plist.xml; path = Info.plist; sourceTree = "<group>"; };
		BDECBBC12D43CBD8006F7816 /* AppNavigationControllerProvider.swift */ = {isa = PBXFileReference; lastKnownFileType = sourcecode.swift; path = AppNavigationControllerProvider.swift; sourceTree = "<group>"; };
		BDECBBC32D43CC13006F7816 /* ValidationManager.swift */ = {isa = PBXFileReference; fileEncoding = 4; lastKnownFileType = sourcecode.swift; path = ValidationManager.swift; sourceTree = "<group>"; };
		BDECBBC52D43CC13006F7816 /* AlertManager.swift */ = {isa = PBXFileReference; fileEncoding = 4; lastKnownFileType = sourcecode.swift; path = AlertManager.swift; sourceTree = "<group>"; };
		BDECBBC62D43CC13006F7816 /* CommonButton.swift */ = {isa = PBXFileReference; fileEncoding = 4; lastKnownFileType = sourcecode.swift; path = CommonButton.swift; sourceTree = "<group>"; };
		BDECBBC72D43CC13006F7816 /* CustomHeader.swift */ = {isa = PBXFileReference; fileEncoding = 4; lastKnownFileType = sourcecode.swift; path = CustomHeader.swift; sourceTree = "<group>"; };
		BDECBBC82D43CC13006F7816 /* DropdownPicker.swift */ = {isa = PBXFileReference; fileEncoding = 4; lastKnownFileType = sourcecode.swift; path = DropdownPicker.swift; sourceTree = "<group>"; };
		BDECBBC92D43CC13006F7816 /* FloatingTextField.swift */ = {isa = PBXFileReference; fileEncoding = 4; lastKnownFileType = sourcecode.swift; path = FloatingTextField.swift; sourceTree = "<group>"; };
		BDECBBCA2D43CC13006F7816 /* TopTabView.swift */ = {isa = PBXFileReference; fileEncoding = 4; lastKnownFileType = sourcecode.swift; path = TopTabView.swift; sourceTree = "<group>"; };
		BDECBBCC2D43CC13006F7816 /* AppConstant.swift */ = {isa = PBXFileReference; fileEncoding = 4; lastKnownFileType = sourcecode.swift; path = AppConstant.swift; sourceTree = "<group>"; };
		BDECBBCD2D43CC13006F7816 /* FontConstant.swift */ = {isa = PBXFileReference; fileEncoding = 4; lastKnownFileType = sourcecode.swift; path = FontConstant.swift; sourceTree = "<group>"; };
		BDECBBCE2D43CC13006F7816 /* ImageConstant.swift */ = {isa = PBXFileReference; fileEncoding = 4; lastKnownFileType = sourcecode.swift; path = ImageConstant.swift; sourceTree = "<group>"; };
		BDECBBD02D43CC13006F7816 /* Color + Extensions.swift */ = {isa = PBXFileReference; fileEncoding = 4; lastKnownFileType = sourcecode.swift; path = "Color + Extensions.swift"; sourceTree = "<group>"; };
		BDECBBD12D43CC13006F7816 /* Text + Extensions.swift */ = {isa = PBXFileReference; fileEncoding = 4; lastKnownFileType = sourcecode.swift; path = "Text + Extensions.swift"; sourceTree = "<group>"; };
		BDECBBD32D43CC13006F7816 /* Text + Modifier.swift */ = {isa = PBXFileReference; fileEncoding = 4; lastKnownFileType = sourcecode.swift; path = "Text + Modifier.swift"; sourceTree = "<group>"; };
		BDECBBD62D43CC13006F7816 /* ContactUsCoordinator.swift */ = {isa = PBXFileReference; fileEncoding = 4; lastKnownFileType = sourcecode.swift; path = ContactUsCoordinator.swift; sourceTree = "<group>"; };
		BDECBBD82D43CC13006F7816 /* ContactUsModel.swift */ = {isa = PBXFileReference; fileEncoding = 4; lastKnownFileType = sourcecode.swift; path = ContactUsModel.swift; sourceTree = "<group>"; };
		BDECBBDA2D43CC13006F7816 /* ContactInformationView.swift */ = {isa = PBXFileReference; fileEncoding = 4; lastKnownFileType = sourcecode.swift; path = ContactInformationView.swift; sourceTree = "<group>"; };
		BDECBBDB2D43CC13006F7816 /* GetInTouchView.swift */ = {isa = PBXFileReference; fileEncoding = 4; lastKnownFileType = sourcecode.swift; path = GetInTouchView.swift; sourceTree = "<group>"; };
		BDECBBDD2D43CC13006F7816 /* ContactUsView.swift */ = {isa = PBXFileReference; fileEncoding = 4; lastKnownFileType = sourcecode.swift; path = ContactUsView.swift; sourceTree = "<group>"; };
		BDECBBDF2D43CC13006F7816 /* ContactUsViewModel.swift */ = {isa = PBXFileReference; fileEncoding = 4; lastKnownFileType = sourcecode.swift; path = ContactUsViewModel.swift; sourceTree = "<group>"; };
		BDECBBF72D43CFEE006F7816 /* Almarai-ExtraBold.ttf */ = {isa = PBXFileReference; lastKnownFileType = file; path = "Almarai-ExtraBold.ttf"; sourceTree = "<group>"; };
		BDECBBF82D43CFEE006F7816 /* Almarai-Regular.ttf */ = {isa = PBXFileReference; lastKnownFileType = file; path = "Almarai-Regular.ttf"; sourceTree = "<group>"; };
		BDECBBFA2D43CFEE006F7816 /* Almarai-Bold.ttf */ = {isa = PBXFileReference; lastKnownFileType = file; path = "Almarai-Bold.ttf"; sourceTree = "<group>"; };
		BDECBBFB2D43CFEE006F7816 /* Almarai-Light.ttf */ = {isa = PBXFileReference; lastKnownFileType = file; path = "Almarai-Light.ttf"; sourceTree = "<group>"; };
/* End PBXFileReference section */

/* Begin PBXFrameworksBuildPhase section */
		BDECBBA52D43CB7A006F7816 /* Frameworks */ = {
			isa = PBXFrameworksBuildPhase;
			buildActionMask = 2147483647;
			files = (
			);
			runOnlyForDeploymentPostprocessing = 0;
		};
/* End PBXFrameworksBuildPhase section */

/* Begin PBXGroup section */
		BD21CAFB2D4893F800AF1186 /* MyAccount */ = {
			isa = PBXGroup;
			children = (
				BD21CAFF2D48941700AF1186 /* Coordinator */,
				BD21CAFE2D48941400AF1186 /* Model */,
				BD21CAFD2D48941100AF1186 /* ViewModel */,
				BD21CAFC2D48940800AF1186 /* View */,
			);
			path = MyAccount;
			sourceTree = "<group>";
		};
		BD21CAFC2D48940800AF1186 /* View */ = {
			isa = PBXGroup;
			children = (
				BD21CB0A2D48AA6D00AF1186 /* Section */,
				BD21CB062D4894A000AF1186 /* MyAccountView.swift */,
			);
			path = View;
			sourceTree = "<group>";
		};
		BD21CAFD2D48941100AF1186 /* ViewModel */ = {
			isa = PBXGroup;
			children = (
				BD21CB042D48949600AF1186 /* MyAccountViewModel.swift */,
			);
			path = ViewModel;
			sourceTree = "<group>";
		};
		BD21CAFE2D48941400AF1186 /* Model */ = {
			isa = PBXGroup;
			children = (
				BD21CB022D48948900AF1186 /* MyAccountModel.swift */,
			);
			path = Model;
			sourceTree = "<group>";
		};
		BD21CAFF2D48941700AF1186 /* Coordinator */ = {
			isa = PBXGroup;
			children = (
				BD21CB002D48947E00AF1186 /* MyAccountCoordinator.swift */,
			);
			path = Coordinator;
			sourceTree = "<group>";
		};
		BD21CB0A2D48AA6D00AF1186 /* Section */ = {
			isa = PBXGroup;
			children = (
				BD21CB0B2D48AA7900AF1186 /* AccountOptionsList.swift */,
			);
			path = Section;
			sourceTree = "<group>";
		};
		BDB6C92C2D47492600397170 /* ThankYou */ = {
			isa = PBXGroup;
			children = (
				BDB6C92D2D47493300397170 /* Coordinator */,
				BDB6C92E2D47493B00397170 /* Model */,
				BDB6C9302D47494500397170 /* ViewModel */,
				BDB6C92F2D47494100397170 /* View */,
			);
			path = ThankYou;
			sourceTree = "<group>";
		};
		BDB6C92D2D47493300397170 /* Coordinator */ = {
			isa = PBXGroup;
			children = (
				BDB6C9372D47499F00397170 /* ThankYouCoordinator.swift */,
			);
			path = Coordinator;
			sourceTree = "<group>";
		};
		BDB6C92E2D47493B00397170 /* Model */ = {
			isa = PBXGroup;
			children = (
				BDB6C9352D47499200397170 /* ThankYouModel.swift */,
			);
			path = Model;
			sourceTree = "<group>";
		};
		BDB6C92F2D47494100397170 /* View */ = {
			isa = PBXGroup;
			children = (
				BDB6C9312D47497500397170 /* ThankYouView.swift */,
			);
			path = View;
			sourceTree = "<group>";
		};
		BDB6C9302D47494500397170 /* ViewModel */ = {
			isa = PBXGroup;
			children = (
				BDB6C9332D47498700397170 /* ThankYouViewModel.swift */,
			);
			path = ViewModel;
			sourceTree = "<group>";
		};
		BDDC5CDB2D48D7930086B32B /* Cart */ = {
			isa = PBXGroup;
			children = (
				BDDC5CDF2D48D7AC0086B32B /* Coordinator */,
				BDDC5CDE2D48D7A90086B32B /* Model */,
				BDDC5CDD2D48D7A60086B32B /* ViewModel */,
				BDDC5CDC2D48D7A40086B32B /* View */,
			);
			path = Cart;
			sourceTree = "<group>";
		};
		BDDC5CDC2D48D7A40086B32B /* View */ = {
			isa = PBXGroup;
			children = (
				BDDC5CE82D48DD1D0086B32B /* Section */,
				BDDC5CE62D48D8660086B32B /* CartView.swift */,
			);
			path = View;
			sourceTree = "<group>";
		};
		BDDC5CDD2D48D7A60086B32B /* ViewModel */ = {
			isa = PBXGroup;
			children = (
				BDDC5CE42D48D84A0086B32B /* CartViewModel.swift */,
			);
			path = ViewModel;
			sourceTree = "<group>";
		};
		BDDC5CDE2D48D7A90086B32B /* Model */ = {
			isa = PBXGroup;
			children = (
				BDDC5CE22D48D8400086B32B /* CartModel.swift */,
			);
			path = Model;
			sourceTree = "<group>";
		};
		BDDC5CDF2D48D7AC0086B32B /* Coordinator */ = {
			isa = PBXGroup;
			children = (
				BDDC5CE02D48D8380086B32B /* CartCoordinator.swift */,
			);
			path = Coordinator;
			sourceTree = "<group>";
		};
		BDDC5CE82D48DD1D0086B32B /* Section */ = {
			isa = PBXGroup;
			children = (
				BDDC5CE92D48DD2A0086B32B /* PaymentMethodListView.swift */,
				BDDC5CF12D48FF0E0086B32B /* OrderSummaryView.swift */,
			);
			path = Section;
			sourceTree = "<group>";
		};
		BDECBB9F2D43CB7A006F7816 = {
			isa = PBXGroup;
			children = (
				BDECBBAA2D43CB7A006F7816 /* UnitedPharmacy */,
				BDECBBA92D43CB7A006F7816 /* Products */,
			);
			sourceTree = "<group>";
		};
		BDECBBA92D43CB7A006F7816 /* Products */ = {
			isa = PBXGroup;
			children = (
				BDECBBA82D43CB7A006F7816 /* UnitedPharmacy.app */,
			);
			name = Products;
			sourceTree = "<group>";
		};
		BDECBBAA2D43CB7A006F7816 /* UnitedPharmacy */ = {
			isa = PBXGroup;
			children = (
				BDECBBF62D43CFE0006F7816 /* Fonts */,
				BDECBBD52D43CC13006F7816 /* Helpers */,
				BDECBBE22D43CC13006F7816 /* Module */,
				BDECBBC42D43CC13006F7816 /* Uitility */,
				BDECBBC02D43CBB9006F7816 /* Services */,
				BDECBBBF2D43CB87006F7816 /* App */,
				BDECBBAF2D43CB7A006F7816 /* ViewController.swift */,
				BDECBBB12D43CB7A006F7816 /* Main.storyboard */,
				BDECBBB42D43CB7C006F7816 /* Assets.xcassets */,
				BDECBBB62D43CB7C006F7816 /* LaunchScreen.storyboard */,
				BDECBBB92D43CB7C006F7816 /* Info.plist */,
			);
			path = UnitedPharmacy;
			sourceTree = "<group>";
		};
		BDECBBBF2D43CB87006F7816 /* App */ = {
			isa = PBXGroup;
			children = (
				BDECBBAB2D43CB7A006F7816 /* AppDelegate.swift */,
				BDECBBAD2D43CB7A006F7816 /* SceneDelegate.swift */,
			);
			path = App;
			sourceTree = "<group>";
		};
		BDECBBC02D43CBB9006F7816 /* Services */ = {
			isa = PBXGroup;
			children = (
				BDECBBC12D43CBD8006F7816 /* AppNavigationControllerProvider.swift */,
			);
			path = Services;
			sourceTree = "<group>";
		};
		BDECBBC42D43CC13006F7816 /* Uitility */ = {
			isa = PBXGroup;
			children = (
				BDECBBC32D43CC13006F7816 /* ValidationManager.swift */,
			);
			path = Uitility;
			sourceTree = "<group>";
		};
		BDECBBCB2D43CC13006F7816 /* CommonView */ = {
			isa = PBXGroup;
			children = (
				BDECBBC52D43CC13006F7816 /* AlertManager.swift */,
				BDECBBC62D43CC13006F7816 /* CommonButton.swift */,
				BDECBBC72D43CC13006F7816 /* CustomHeader.swift */,
				BDECBBC82D43CC13006F7816 /* DropdownPicker.swift */,
				BDECBBC92D43CC13006F7816 /* FloatingTextField.swift */,
				BDECBBCA2D43CC13006F7816 /* TopTabView.swift */,
				BD21CB082D489E5F00AF1186 /* HorizontalButton.swift */,
			);
			path = CommonView;
			sourceTree = "<group>";
		};
		BDECBBCF2D43CC13006F7816 /* Constant */ = {
			isa = PBXGroup;
			children = (
				BDECBBCC2D43CC13006F7816 /* AppConstant.swift */,
				BDECBBCD2D43CC13006F7816 /* FontConstant.swift */,
				BDECBBCE2D43CC13006F7816 /* ImageConstant.swift */,
			);
			path = Constant;
			sourceTree = "<group>";
		};
		BDECBBD22D43CC13006F7816 /* Extensions */ = {
			isa = PBXGroup;
			children = (
				BDECBBD02D43CC13006F7816 /* Color + Extensions.swift */,
				BDECBBD12D43CC13006F7816 /* Text + Extensions.swift */,
			);
			path = Extensions;
			sourceTree = "<group>";
		};
		BDECBBD42D43CC13006F7816 /* Modifiers */ = {
			isa = PBXGroup;
			children = (
				BDECBBD32D43CC13006F7816 /* Text + Modifier.swift */,
			);
			path = Modifiers;
			sourceTree = "<group>";
		};
		BDECBBD52D43CC13006F7816 /* Helpers */ = {
			isa = PBXGroup;
			children = (
				BDECBBCB2D43CC13006F7816 /* CommonView */,
				BDECBBCF2D43CC13006F7816 /* Constant */,
				BDECBBD22D43CC13006F7816 /* Extensions */,
				BDECBBD42D43CC13006F7816 /* Modifiers */,
			);
			path = Helpers;
			sourceTree = "<group>";
		};
		BDECBBD72D43CC13006F7816 /* Coordinator */ = {
			isa = PBXGroup;
			children = (
				BDECBBD62D43CC13006F7816 /* ContactUsCoordinator.swift */,
			);
			path = Coordinator;
			sourceTree = "<group>";
		};
		BDECBBD92D43CC13006F7816 /* Model */ = {
			isa = PBXGroup;
			children = (
				BDECBBD82D43CC13006F7816 /* ContactUsModel.swift */,
			);
			path = Model;
			sourceTree = "<group>";
		};
		BDECBBDC2D43CC13006F7816 /* Section */ = {
			isa = PBXGroup;
			children = (
				BDECBBDA2D43CC13006F7816 /* ContactInformationView.swift */,
				BDECBBDB2D43CC13006F7816 /* GetInTouchView.swift */,
			);
			path = Section;
			sourceTree = "<group>";
		};
		BDECBBDE2D43CC13006F7816 /* View */ = {
			isa = PBXGroup;
			children = (
				BDECBBDC2D43CC13006F7816 /* Section */,
				BDECBBDD2D43CC13006F7816 /* ContactUsView.swift */,
			);
			path = View;
			sourceTree = "<group>";
		};
		BDECBBE02D43CC13006F7816 /* ViewModel */ = {
			isa = PBXGroup;
			children = (
				BDECBBDF2D43CC13006F7816 /* ContactUsViewModel.swift */,
			);
			path = ViewModel;
			sourceTree = "<group>";
		};
		BDECBBE12D43CC13006F7816 /* ContactUS */ = {
			isa = PBXGroup;
			children = (
				BDECBBD72D43CC13006F7816 /* Coordinator */,
				BDECBBD92D43CC13006F7816 /* Model */,
				BDECBBE02D43CC13006F7816 /* ViewModel */,
				BDECBBDE2D43CC13006F7816 /* View */,
			);
			path = ContactUS;
			sourceTree = "<group>";
		};
		BDECBBE22D43CC13006F7816 /* Module */ = {
			isa = PBXGroup;
			children = (
				BDDC5CDB2D48D7930086B32B /* Cart */,
				BD21CAFB2D4893F800AF1186 /* MyAccount */,
				BDB6C92C2D47492600397170 /* ThankYou */,
				BDECBBE12D43CC13006F7816 /* ContactUS */,
			);
			path = Module;
			sourceTree = "<group>";
		};
		BDECBBF62D43CFE0006F7816 /* Fonts */ = {
			isa = PBXGroup;
			children = (
				BDECBBFA2D43CFEE006F7816 /* Almarai-Bold.ttf */,
				BDECBBF72D43CFEE006F7816 /* Almarai-ExtraBold.ttf */,
				BDECBBFB2D43CFEE006F7816 /* Almarai-Light.ttf */,
				BDECBBF82D43CFEE006F7816 /* Almarai-Regular.ttf */,
				BDDC5CED2D48F8940086B32B /* OpenSans-Bold.ttf */,
				BDDC5CEE2D48F8940086B32B /* OpenSans-SemiBold.ttf */,
			);
			path = Fonts;
			sourceTree = "<group>";
		};
/* End PBXGroup section */

/* Begin PBXNativeTarget section */
		BDECBBA72D43CB7A006F7816 /* UnitedPharmacy */ = {
			isa = PBXNativeTarget;
			buildConfigurationList = BDECBBBC2D43CB7C006F7816 /* Build configuration list for PBXNativeTarget "UnitedPharmacy" */;
			buildPhases = (
				BDECBBA42D43CB7A006F7816 /* Sources */,
				BDECBBA52D43CB7A006F7816 /* Frameworks */,
				BDECBBA62D43CB7A006F7816 /* Resources */,
			);
			buildRules = (
			);
			dependencies = (
			);
			name = UnitedPharmacy;
			productName = UnitedPharmacy;
			productReference = BDECBBA82D43CB7A006F7816 /* UnitedPharmacy.app */;
			productType = "com.apple.product-type.application";
		};
/* End PBXNativeTarget section */

/* Begin PBXProject section */
		BDECBBA02D43CB7A006F7816 /* Project object */ = {
			isa = PBXProject;
			attributes = {
				BuildIndependentTargetsInParallel = 1;
				LastSwiftUpdateCheck = 1540;
				LastUpgradeCheck = 1540;
				TargetAttributes = {
					BDECBBA72D43CB7A006F7816 = {
						CreatedOnToolsVersion = 15.4;
					};
				};
			};
			buildConfigurationList = BDECBBA32D43CB7A006F7816 /* Build configuration list for PBXProject "UnitedPharmacy" */;
			compatibilityVersion = "Xcode 14.0";
			developmentRegion = en;
			hasScannedForEncodings = 0;
			knownRegions = (
				en,
				Base,
			);
			mainGroup = BDECBB9F2D43CB7A006F7816;
			productRefGroup = BDECBBA92D43CB7A006F7816 /* Products */;
			projectDirPath = "";
			projectRoot = "";
			targets = (
				BDECBBA72D43CB7A006F7816 /* UnitedPharmacy */,
			);
		};
/* End PBXProject section */

/* Begin PBXResourcesBuildPhase section */
		BDECBBA62D43CB7A006F7816 /* Resources */ = {
			isa = PBXResourcesBuildPhase;
			buildActionMask = 2147483647;
			files = (
				BDECBBFC2D43CFF5006F7816 /* Almarai-Bold.ttf in Resources */,
				BDECBBFD2D43CFF5006F7816 /* Almarai-ExtraBold.ttf in Resources */,
				BDDC5CF02D48F8940086B32B /* OpenSans-SemiBold.ttf in Resources */,
				BDECBBFE2D43CFF5006F7816 /* Almarai-Light.ttf in Resources */,
				BDECBBFF2D43CFF5006F7816 /* Almarai-Regular.ttf in Resources */,
				BDDC5CEF2D48F8940086B32B /* OpenSans-Bold.ttf in Resources */,
				BDECBBB52D43CB7C006F7816 /* Assets.xcassets in Resources */,
				BDECBBB82D43CB7C006F7816 /* Base in Resources */,
				BDECBBB32D43CB7A006F7816 /* Base in Resources */,
			);
			runOnlyForDeploymentPostprocessing = 0;
		};
/* End PBXResourcesBuildPhase section */

/* Begin PBXSourcesBuildPhase section */
		BDECBBA42D43CB7A006F7816 /* Sources */ = {
			isa = PBXSourcesBuildPhase;
			buildActionMask = 2147483647;
			files = (
				BD21CB032D48948900AF1186 /* MyAccountModel.swift in Sources */,
				BDECBBED2D43CC13006F7816 /* Color + Extensions.swift in Sources */,
				BDECBBE52D43CC13006F7816 /* CommonButton.swift in Sources */,
				BDDC5CF22D48FF0E0086B32B /* OrderSummaryView.swift in Sources */,
				BDECBBEE2D43CC13006F7816 /* Text + Extensions.swift in Sources */,
				BDECBBF42D43CC13006F7816 /* ContactUsView.swift in Sources */,
				BDECBBF02D43CC13006F7816 /* ContactUsCoordinator.swift in Sources */,
				BDECBBF22D43CC13006F7816 /* ContactInformationView.swift in Sources */,
				BDECBBEF2D43CC13006F7816 /* Text + Modifier.swift in Sources */,
				BDECBBF32D43CC13006F7816 /* GetInTouchView.swift in Sources */,
				BD21CB012D48947E00AF1186 /* MyAccountCoordinator.swift in Sources */,
				BDB6C9382D47499F00397170 /* ThankYouCoordinator.swift in Sources */,
				BDECBBE62D43CC13006F7816 /* CustomHeader.swift in Sources */,
				BDECBBF12D43CC13006F7816 /* ContactUsModel.swift in Sources */,
				BDECBBE32D43CC13006F7816 /* ValidationManager.swift in Sources */,
				BDB6C9322D47497500397170 /* ThankYouView.swift in Sources */,
				BDB6C9362D47499200397170 /* ThankYouModel.swift in Sources */,
				BDDC5CE12D48D8380086B32B /* CartCoordinator.swift in Sources */,
				BDECBBEA2D43CC13006F7816 /* AppConstant.swift in Sources */,
				BDB6C9342D47498700397170 /* ThankYouViewModel.swift in Sources */,
				BDECBBF52D43CC13006F7816 /* ContactUsViewModel.swift in Sources */,
				BDECBBE82D43CC13006F7816 /* FloatingTextField.swift in Sources */,
				BDDC5CE72D48D8660086B32B /* CartView.swift in Sources */,
				BDECBBB02D43CB7A006F7816 /* ViewController.swift in Sources */,
				BDECBBEB2D43CC13006F7816 /* FontConstant.swift in Sources */,
				BDECBBEC2D43CC13006F7816 /* ImageConstant.swift in Sources */,
				BDDC5CE52D48D84A0086B32B /* CartViewModel.swift in Sources */,
				BD21CB092D489E5F00AF1186 /* HorizontalButton.swift in Sources */,
				BD21CB0C2D48AA7900AF1186 /* AccountOptionsList.swift in Sources */,
				BDECBBE72D43CC13006F7816 /* DropdownPicker.swift in Sources */,
				BDECBBE92D43CC13006F7816 /* TopTabView.swift in Sources */,
				BDECBBE42D43CC13006F7816 /* AlertManager.swift in Sources */,
				BDECBBC22D43CBD8006F7816 /* AppNavigationControllerProvider.swift in Sources */,
				BDDC5CE32D48D8400086B32B /* CartModel.swift in Sources */,
				BD21CB072D4894A000AF1186 /* MyAccountView.swift in Sources */,
				BDDC5CEA2D48DD2A0086B32B /* PaymentMethodListView.swift in Sources */,
				BDECBBAC2D43CB7A006F7816 /* AppDelegate.swift in Sources */,
				BD21CB052D48949600AF1186 /* MyAccountViewModel.swift in Sources */,
				BDECBBAE2D43CB7A006F7816 /* SceneDelegate.swift in Sources */,
			);
			runOnlyForDeploymentPostprocessing = 0;
		};
/* End PBXSourcesBuildPhase section */

/* Begin PBXVariantGroup section */
		BDECBBB12D43CB7A006F7816 /* Main.storyboard */ = {
			isa = PBXVariantGroup;
			children = (
				BDECBBB22D43CB7A006F7816 /* Base */,
			);
			name = Main.storyboard;
			sourceTree = "<group>";
		};
		BDECBBB62D43CB7C006F7816 /* LaunchScreen.storyboard */ = {
			isa = PBXVariantGroup;
			children = (
				BDECBBB72D43CB7C006F7816 /* Base */,
			);
			name = LaunchScreen.storyboard;
			sourceTree = "<group>";
		};
/* End PBXVariantGroup section */

/* Begin XCBuildConfiguration section */
		BDECBBBA2D43CB7C006F7816 /* Debug */ = {
			isa = XCBuildConfiguration;
			buildSettings = {
				ALWAYS_SEARCH_USER_PATHS = NO;
				ASSETCATALOG_COMPILER_GENERATE_SWIFT_ASSET_SYMBOL_EXTENSIONS = YES;
				CLANG_ANALYZER_NONNULL = YES;
				CLANG_ANALYZER_NUMBER_OBJECT_CONVERSION = YES_AGGRESSIVE;
				CLANG_CXX_LANGUAGE_STANDARD = "gnu++20";
				CLANG_ENABLE_MODULES = YES;
				CLANG_ENABLE_OBJC_ARC = YES;
				CLANG_ENABLE_OBJC_WEAK = YES;
				CLANG_WARN_BLOCK_CAPTURE_AUTORELEASING = YES;
				CLANG_WARN_BOOL_CONVERSION = YES;
				CLANG_WARN_COMMA = YES;
				CLANG_WARN_CONSTANT_CONVERSION = YES;
				CLANG_WARN_DEPRECATED_OBJC_IMPLEMENTATIONS = YES;
				CLANG_WARN_DIRECT_OBJC_ISA_USAGE = YES_ERROR;
				CLANG_WARN_DOCUMENTATION_COMMENTS = YES;
				CLANG_WARN_EMPTY_BODY = YES;
				CLANG_WARN_ENUM_CONVERSION = YES;
				CLANG_WARN_INFINITE_RECURSION = YES;
				CLANG_WARN_INT_CONVERSION = YES;
				CLANG_WARN_NON_LITERAL_NULL_CONVERSION = YES;
				CLANG_WARN_OBJC_IMPLICIT_RETAIN_SELF = YES;
				CLANG_WARN_OBJC_LITERAL_CONVERSION = YES;
				CLANG_WARN_OBJC_ROOT_CLASS = YES_ERROR;
				CLANG_WARN_QUOTED_INCLUDE_IN_FRAMEWORK_HEADER = YES;
				CLANG_WARN_RANGE_LOOP_ANALYSIS = YES;
				CLANG_WARN_STRICT_PROTOTYPES = YES;
				CLANG_WARN_SUSPICIOUS_MOVE = YES;
				CLANG_WARN_UNGUARDED_AVAILABILITY = YES_AGGRESSIVE;
				CLANG_WARN_UNREACHABLE_CODE = YES;
				CLANG_WARN__DUPLICATE_METHOD_MATCH = YES;
				COPY_PHASE_STRIP = NO;
				DEBUG_INFORMATION_FORMAT = dwarf;
				ENABLE_STRICT_OBJC_MSGSEND = YES;
				ENABLE_TESTABILITY = YES;
				ENABLE_USER_SCRIPT_SANDBOXING = YES;
				GCC_C_LANGUAGE_STANDARD = gnu17;
				GCC_DYNAMIC_NO_PIC = NO;
				GCC_NO_COMMON_BLOCKS = YES;
				GCC_OPTIMIZATION_LEVEL = 0;
				GCC_PREPROCESSOR_DEFINITIONS = (
					"DEBUG=1",
					"$(inherited)",
				);
				GCC_WARN_64_TO_32_BIT_CONVERSION = YES;
				GCC_WARN_ABOUT_RETURN_TYPE = YES_ERROR;
				GCC_WARN_UNDECLARED_SELECTOR = YES;
				GCC_WARN_UNINITIALIZED_AUTOS = YES_AGGRESSIVE;
				GCC_WARN_UNUSED_FUNCTION = YES;
				GCC_WARN_UNUSED_VARIABLE = YES;
				IPHONEOS_DEPLOYMENT_TARGET = 17.5;
				LOCALIZATION_PREFERS_STRING_CATALOGS = YES;
				MTL_ENABLE_DEBUG_INFO = INCLUDE_SOURCE;
				MTL_FAST_MATH = YES;
				ONLY_ACTIVE_ARCH = YES;
				SDKROOT = iphoneos;
				SWIFT_ACTIVE_COMPILATION_CONDITIONS = "DEBUG $(inherited)";
				SWIFT_OPTIMIZATION_LEVEL = "-Onone";
			};
			name = Debug;
		};
		BDECBBBB2D43CB7C006F7816 /* Release */ = {
			isa = XCBuildConfiguration;
			buildSettings = {
				ALWAYS_SEARCH_USER_PATHS = NO;
				ASSETCATALOG_COMPILER_GENERATE_SWIFT_ASSET_SYMBOL_EXTENSIONS = YES;
				CLANG_ANALYZER_NONNULL = YES;
				CLANG_ANALYZER_NUMBER_OBJECT_CONVERSION = YES_AGGRESSIVE;
				CLANG_CXX_LANGUAGE_STANDARD = "gnu++20";
				CLANG_ENABLE_MODULES = YES;
				CLANG_ENABLE_OBJC_ARC = YES;
				CLANG_ENABLE_OBJC_WEAK = YES;
				CLANG_WARN_BLOCK_CAPTURE_AUTORELEASING = YES;
				CLANG_WARN_BOOL_CONVERSION = YES;
				CLANG_WARN_COMMA = YES;
				CLANG_WARN_CONSTANT_CONVERSION = YES;
				CLANG_WARN_DEPRECATED_OBJC_IMPLEMENTATIONS = YES;
				CLANG_WARN_DIRECT_OBJC_ISA_USAGE = YES_ERROR;
				CLANG_WARN_DOCUMENTATION_COMMENTS = YES;
				CLANG_WARN_EMPTY_BODY = YES;
				CLANG_WARN_ENUM_CONVERSION = YES;
				CLANG_WARN_INFINITE_RECURSION = YES;
				CLANG_WARN_INT_CONVERSION = YES;
				CLANG_WARN_NON_LITERAL_NULL_CONVERSION = YES;
				CLANG_WARN_OBJC_IMPLICIT_RETAIN_SELF = YES;
				CLANG_WARN_OBJC_LITERAL_CONVERSION = YES;
				CLANG_WARN_OBJC_ROOT_CLASS = YES_ERROR;
				CLANG_WARN_QUOTED_INCLUDE_IN_FRAMEWORK_HEADER = YES;
				CLANG_WARN_RANGE_LOOP_ANALYSIS = YES;
				CLANG_WARN_STRICT_PROTOTYPES = YES;
				CLANG_WARN_SUSPICIOUS_MOVE = YES;
				CLANG_WARN_UNGUARDED_AVAILABILITY = YES_AGGRESSIVE;
				CLANG_WARN_UNREACHABLE_CODE = YES;
				CLANG_WARN__DUPLICATE_METHOD_MATCH = YES;
				COPY_PHASE_STRIP = NO;
				DEBUG_INFORMATION_FORMAT = "dwarf-with-dsym";
				ENABLE_NS_ASSERTIONS = NO;
				ENABLE_STRICT_OBJC_MSGSEND = YES;
				ENABLE_USER_SCRIPT_SANDBOXING = YES;
				GCC_C_LANGUAGE_STANDARD = gnu17;
				GCC_NO_COMMON_BLOCKS = YES;
				GCC_WARN_64_TO_32_BIT_CONVERSION = YES;
				GCC_WARN_ABOUT_RETURN_TYPE = YES_ERROR;
				GCC_WARN_UNDECLARED_SELECTOR = YES;
				GCC_WARN_UNINITIALIZED_AUTOS = YES_AGGRESSIVE;
				GCC_WARN_UNUSED_FUNCTION = YES;
				GCC_WARN_UNUSED_VARIABLE = YES;
				IPHONEOS_DEPLOYMENT_TARGET = 17.5;
				LOCALIZATION_PREFERS_STRING_CATALOGS = YES;
				MTL_ENABLE_DEBUG_INFO = NO;
				MTL_FAST_MATH = YES;
				SDKROOT = iphoneos;
				SWIFT_COMPILATION_MODE = wholemodule;
				VALIDATE_PRODUCT = YES;
			};
			name = Release;
		};
		BDECBBBD2D43CB7C006F7816 /* Debug */ = {
			isa = XCBuildConfiguration;
			buildSettings = {
				ASSETCATALOG_COMPILER_APPICON_NAME = AppIcon;
				ASSETCATALOG_COMPILER_GLOBAL_ACCENT_COLOR_NAME = AccentColor;
				CODE_SIGN_STYLE = Automatic;
				CURRENT_PROJECT_VERSION = 1;
				GENERATE_INFOPLIST_FILE = YES;
				INFOPLIST_FILE = UnitedPharmacy/Info.plist;
				INFOPLIST_KEY_UIApplicationSupportsIndirectInputEvents = YES;
				INFOPLIST_KEY_UILaunchStoryboardName = LaunchScreen;
				INFOPLIST_KEY_UIMainStoryboardFile = Main;
				INFOPLIST_KEY_UISupportedInterfaceOrientations_iPad = "UIInterfaceOrientationPortrait UIInterfaceOrientationPortraitUpsideDown UIInterfaceOrientationLandscapeLeft UIInterfaceOrientationLandscapeRight";
				INFOPLIST_KEY_UISupportedInterfaceOrientations_iPhone = "UIInterfaceOrientationPortrait UIInterfaceOrientationLandscapeLeft UIInterfaceOrientationLandscapeRight";
				INFOPLIST_KEY_UIUserInterfaceStyle = Light;
				LD_RUNPATH_SEARCH_PATHS = (
					"$(inherited)",
					"@executable_path/Frameworks",
				);
				MARKETING_VERSION = 1.0;
				PRODUCT_BUNDLE_IDENTIFIER = com.UnitedPharmacy;
				PRODUCT_NAME = "$(TARGET_NAME)";
				SWIFT_EMIT_LOC_STRINGS = YES;
				SWIFT_VERSION = 5.0;
				TARGETED_DEVICE_FAMILY = "1,2";
			};
			name = Debug;
		};
		BDECBBBE2D43CB7C006F7816 /* Release */ = {
			isa = XCBuildConfiguration;
			buildSettings = {
				ASSETCATALOG_COMPILER_APPICON_NAME = AppIcon;
				ASSETCATALOG_COMPILER_GLOBAL_ACCENT_COLOR_NAME = AccentColor;
				CODE_SIGN_STYLE = Automatic;
				CURRENT_PROJECT_VERSION = 1;
				GENERATE_INFOPLIST_FILE = YES;
				INFOPLIST_FILE = UnitedPharmacy/Info.plist;
				INFOPLIST_KEY_UIApplicationSupportsIndirectInputEvents = YES;
				INFOPLIST_KEY_UILaunchStoryboardName = LaunchScreen;
				INFOPLIST_KEY_UIMainStoryboardFile = Main;
				INFOPLIST_KEY_UISupportedInterfaceOrientations_iPad = "UIInterfaceOrientationPortrait UIInterfaceOrientationPortraitUpsideDown UIInterfaceOrientationLandscapeLeft UIInterfaceOrientationLandscapeRight";
				INFOPLIST_KEY_UISupportedInterfaceOrientations_iPhone = "UIInterfaceOrientationPortrait UIInterfaceOrientationLandscapeLeft UIInterfaceOrientationLandscapeRight";
				INFOPLIST_KEY_UIUserInterfaceStyle = Light;
				LD_RUNPATH_SEARCH_PATHS = (
					"$(inherited)",
					"@executable_path/Frameworks",
				);
				MARKETING_VERSION = 1.0;
				PRODUCT_BUNDLE_IDENTIFIER = com.UnitedPharmacy;
				PRODUCT_NAME = "$(TARGET_NAME)";
				SWIFT_EMIT_LOC_STRINGS = YES;
				SWIFT_VERSION = 5.0;
				TARGETED_DEVICE_FAMILY = "1,2";
			};
			name = Release;
		};
/* End XCBuildConfiguration section */

/* Begin XCConfigurationList section */
		BDECBBA32D43CB7A006F7816 /* Build configuration list for PBXProject "UnitedPharmacy" */ = {
			isa = XCConfigurationList;
			buildConfigurations = (
				BDECBBBA2D43CB7C006F7816 /* Debug */,
				BDECBBBB2D43CB7C006F7816 /* Release */,
			);
			defaultConfigurationIsVisible = 0;
			defaultConfigurationName = Release;
		};
		BDECBBBC2D43CB7C006F7816 /* Build configuration list for PBXNativeTarget "UnitedPharmacy" */ = {
			isa = XCConfigurationList;
			buildConfigurations = (
				BDECBBBD2D43CB7C006F7816 /* Debug */,
				BDECBBBE2D43CB7C006F7816 /* Release */,
			);
			defaultConfigurationIsVisible = 0;
			defaultConfigurationName = Release;
		};
/* End XCConfigurationList section */
	};
	rootObject = BDECBBA02D43CB7A006F7816 /* Project object */;
}
